
Microsoft Visual Studio Solution File, Format Version 12.00
# Visual Studio Version 16
VisualStudioVersion = 16.0.31205.134
MinimumVisualStudioVersion = 10.0.40219.1
Project("{FAE04EC0-301F-11D3-BF4B-00C04F79EFBC}") = "ArrayStuff", "ArrayStuff.csproj", "{EFA6455F-5D1D-4467-B4ED-540FEE26B1B2}"
EndProject
Global
	GlobalSection(SolutionConfigurationPlatforms) = preSolution
		Debug|Any CPU = Debug|Any CPU
		Release|Any CPU = Release|Any CPU
	EndGlobalSection
	GlobalSection(ProjectConfigurationPlatforms) = postSolution
		{EFA6455F-5D1D-4467-B4ED-540FEE26B1B2}.Debug|Any CPU.ActiveCfg = Debug|Any CPU
		{EFA6455F-5D1D-4467-B4ED-540FEE26B1B2}.Debug|Any CPU.Build.0 = Debug|Any CPU
		{EFA6455F-5D1D-4467-B4ED-540FEE26B1B2}.Release|Any CPU.ActiveCfg = Release|Any CPU
		{EFA6455F-5D1D-4467-B4ED-540FEE26B1B2}.Release|Any CPU.Build.0 = Release|Any CPU
	EndGlobalSection
	GlobalSection(SolutionProperties) = preSolution
		HideSolutionNode = FALSE
	EndGlobalSection
	GlobalSection(ExtensibilityGlobals) = postSolution
		SolutionGuid = {FFD76D84-7019-481E-AF39-CF83BA675CF0}
	EndGlobalSection
EndGlobal
